
Microsoft Visual Studio Solution File, Format Version 12.00
# Visual Studio 15
VisualStudioVersion = 15.0.27004.2006
MinimumVisualStudioVersion = 10.0.40219.1
Project("{9A19103F-16F7-4668-BE54-9A1E7A4F7556}") = "Library", "Library\Library.csproj", "{E38B1A47-299E-4A57-B5AD-BEAA923C20D1}"
EndProject
Project("{9A19103F-16F7-4668-BE54-9A1E7A4F7556}") = "LibraryData", "LibraryData\LibraryData.csproj", "{F70EACF0-7F0D-475E-9ED5-1D5844FDC3CA}"
EndProject
Project("{FAE04EC0-301F-11D3-BF4B-00C04F79EFBC}") = "LibraryServices", "LibraryServices\LibraryServices.csproj", "{4F6C831D-FA1B-41B3-BDE4-ABFE5297AA45}"
EndProject
Global
	GlobalSection(SolutionConfigurationPlatforms) = preSolution
		Debug|Any CPU = Debug|Any CPU
		Release|Any CPU = Release|Any CPU
	EndGlobalSection
	GlobalSection(ProjectConfigurationPlatforms) = postSolution
		{E38B1A47-299E-4A57-B5AD-BEAA923C20D1}.Debug|Any CPU.ActiveCfg = Debug|Any CPU
		{E38B1A47-299E-4A57-B5AD-BEAA923C20D1}.Debug|Any CPU.Build.0 = Debug|Any CPU
		{E38B1A47-299E-4A57-B5AD-BEAA923C20D1}.Release|Any CPU.ActiveCfg = Release|Any CPU
		{E38B1A47-299E-4A57-B5AD-BEAA923C20D1}.Release|Any CPU.Build.0 = Release|Any CPU
		{F70EACF0-7F0D-475E-9ED5-1D5844FDC3CA}.Debug|Any CPU.ActiveCfg = Debug|Any CPU
		{F70EACF0-7F0D-475E-9ED5-1D5844FDC3CA}.Debug|Any CPU.Build.0 = Debug|Any CPU
		{F70EACF0-7F0D-475E-9ED5-1D5844FDC3CA}.Release|Any CPU.ActiveCfg = Release|Any CPU
		{F70EACF0-7F0D-475E-9ED5-1D5844FDC3CA}.Release|Any CPU.Build.0 = Release|Any CPU
		{4F6C831D-FA1B-41B3-BDE4-ABFE5297AA45}.Debug|Any CPU.ActiveCfg = Debug|Any CPU
		{4F6C831D-FA1B-41B3-BDE4-ABFE5297AA45}.Debug|Any CPU.Build.0 = Debug|Any CPU
		{4F6C831D-FA1B-41B3-BDE4-ABFE5297AA45}.Release|Any CPU.ActiveCfg = Release|Any CPU
		{4F6C831D-FA1B-41B3-BDE4-ABFE5297AA45}.Release|Any CPU.Build.0 = Release|Any CPU
	EndGlobalSection
	GlobalSection(SolutionProperties) = preSolution
		HideSolutionNode = FALSE
	EndGlobalSection
	GlobalSection(ExtensibilityGlobals) = postSolution
		SolutionGuid = {2FEBB1B2-B6A9-4A94-844B-3CA1BA0722C4}
	EndGlobalSection
EndGlobal
